{
  "version": "4",
  "specifiers": {
    "jsr:@std/fmt@1": "1.0.3",
    "jsr:@std/fmt@^1.0.3": "1.0.3"
  },
  "jsr": {
    "@std/fmt@1.0.2": {
      "integrity": "87e9dfcdd3ca7c066e0c3c657c1f987c82888eb8103a3a3baa62684ffeb0f7a7"
    },
    "@std/fmt@1.0.3": {
      "integrity": "97765c16aa32245ff4e2204ecf7d8562496a3cb8592340a80e7e554e0bb9149f"
    }
  },
  "workspace": {
    "dependencies": [
      "jsr:@std/fmt@^1.0.3"
    ]
  }
}
